# THIS IS AN AUTOGENERATED FILE. DO NOT EDIT THIS FILE DIRECTLY.
# yarn lockfile v1


fault@^1.0.2:
  version "1.0.2"
  resolved "https://registry.yarnpkg.com/fault/-/fault-1.0.2.tgz#c3d0fec202f172a3a4d414042ad2bb5e2a3ffbaa"
  integrity sha512-o2eo/X2syzzERAtN5LcGbiVQ0WwZSlN3qLtadwAz3X8Bu+XWD16dja/KMsjZLiQr+BLGPDnHGkc4yUJf1Xpkpw==
  dependencies:
    format "^0.2.2"

format@^0.2.2:
  version "0.2.2"
  resolved "https://registry.yarnpkg.com/format/-/format-0.2.2.tgz#d6170107e9efdc4ed30c9dc39016df942b5cb58b"
  integrity sha1-1hcBB+nv3E7TDJ3DkBbflCtctYs=

highlight.js@~9.15.0:
  version "9.15.6"
  resolved "https://registry.yarnpkg.com/highlight.js/-/highlight.js-9.15.6.tgz#72d4d8d779ec066af9a17cb14360c3def0aa57c4"
  integrity sha512-zozTAWM1D6sozHo8kqhfYgsac+B+q0PmsjXeyDrYIHHcBN0zTVT66+s2GW1GZv7DbyaROdLXKdabwS/WqPyIdQ==

lowlight@^1.11.0:
  version "1.12.0"
  resolved "https://registry.yarnpkg.com/lowlight/-/lowlight-1.12.0.tgz#9e851c16cdeb953eefad7b4c36f9a812844dc143"
  integrity sha512-SRlH+ajYbZCE2cDIBC+XJHKxQjTuf+h8k6BwNYMpBRBXkoy5zzIs6ev/aCy7JoZa02/XYXcM67b1XARM08HPVw==
  dependencies:
    fault "^1.0.2"
    highlight.js "~9.15.0"

orderedmap@^1.0.0:
  version "1.0.0"
  resolved "https://registry.yarnpkg.com/orderedmap/-/orderedmap-1.0.0.tgz#d90fc2ba1ed085190907d601dec6e6a53f8d41ba"
  integrity sha1-2Q/Cuh7QhRkJB9YB3sbmpT+NQbo=

prosemirror-commands@^1.0.7:
  version "1.0.7"
  resolved "https://registry.yarnpkg.com/prosemirror-commands/-/prosemirror-commands-1.0.7.tgz#e5a2ba821e29ea7065c88277fe2c3d7f6b0b9d37"
  integrity sha512-IR8yMSdw7XlKuF68tydAak1J9P/lLD5ohsrL7pzoLsJAJAQU7mVPDXtGbQrrm0mesddFjcc1zNo/cJQN3lRYnA==
  dependencies:
    prosemirror-model "^1.0.0"
    prosemirror-state "^1.0.0"
    prosemirror-transform "^1.0.0"

prosemirror-dropcursor@^1.1.1:
  version "1.1.1"
  resolved "https://registry.yarnpkg.com/prosemirror-dropcursor/-/prosemirror-dropcursor-1.1.1.tgz#c60ed1ed6c58804a06a75db06a0d993b087b7622"
  integrity sha512-GeUyMO/tOEf8MXrP7Xb7UIMrfK86OGh0fnyBrHfhav4VjY9cw65mNoqHy87CklE5711AhCP5Qzfp8RL/hVKusg==
  dependencies:
    prosemirror-state "^1.0.0"
    prosemirror-transform "^1.1.0"
    prosemirror-view "^1.1.0"

prosemirror-gapcursor@^1.0.3:
  version "1.0.3"
  resolved "https://registry.yarnpkg.com/prosemirror-gapcursor/-/prosemirror-gapcursor-1.0.3.tgz#acc6537fc5a35e9b38966f91a199a382dfc715c4"
  integrity sha512-X+hJhr42PcHWiSWL+lI5f/UeOhXCxlBFb8M6O8aG1hssmaRrW7sS2/Fjg5jFV+pTdS1REFkmm1occh01FMdDIQ==
  dependencies:
    prosemirror-keymap "^1.0.0"
    prosemirror-model "^1.0.0"
    prosemirror-state "^1.0.0"
    prosemirror-view "^1.0.0"

prosemirror-history@^1.0.4:
  version "1.0.4"
  resolved "https://registry.yarnpkg.com/prosemirror-history/-/prosemirror-history-1.0.4.tgz#313a15489a78795321f3a37d53d8c68610c5adb6"
  integrity sha512-Kk2UisC9EzYcsNv+ILiQJWpsu0rbT6+oAAkvseFUHnudtfkmYAJu1+Xp3F0xTTCVmQdSqSLVk8qydllXUUOU4Q==
  dependencies:
    prosemirror-state "^1.2.2"
    prosemirror-transform "^1.0.0"
    rope-sequence "^1.2.0"

prosemirror-inputrules@^1.0.1:
  version "1.0.1"
  resolved "https://registry.yarnpkg.com/prosemirror-inputrules/-/prosemirror-inputrules-1.0.1.tgz#f63305fd966379f218e82ca76a2a9b328b66dc7b"
  integrity sha512-UHy22NmwxS5WIMQYkzraDttQAF8mpP82FfbJsmKFfx6jwkR/SZa+ZhbkLY0zKQ5fBdJN7euj36JG/B5iAlrpxA==
  dependencies:
    prosemirror-state "^1.0.0"
    prosemirror-transform "^1.0.0"

prosemirror-keymap@^1.0.0, prosemirror-keymap@^1.0.1:
  version "1.0.1"
  resolved "https://registry.yarnpkg.com/prosemirror-keymap/-/prosemirror-keymap-1.0.1.tgz#03ef32b828e3a859dfb570eb84928bf2e5330bc2"
  integrity sha512-e79ApE7PXXZMFtPz7WbjycjAFd1NPjgY1MkecVz98tqwlBSggXWXYQnWFk6x7UkmnBYRHHbXHkR/RXmu2wyBJg==
  dependencies:
    prosemirror-state "^1.0.0"
    w3c-keyname "^1.1.8"

prosemirror-model@^1.0.0, prosemirror-model@^1.1.0, prosemirror-model@^1.7.0:
  version "1.7.0"
  resolved "https://registry.yarnpkg.com/prosemirror-model/-/prosemirror-model-1.7.0.tgz#1fde0fd7cb2f9ead0be1581ad9f04593002a65aa"
  integrity sha512-/6ul6guiqyAl5I+0qbnL7SlmuX0DEfYqjvzeLUVEnb7nwF/vmKZuWqbjEG2tqi/9SSudvd3UxQTBDHvxy9hQwA==
  dependencies:
    orderedmap "^1.0.0"

prosemirror-schema-list@^1.0.2:
  version "1.0.3"
  resolved "https://registry.yarnpkg.com/prosemirror-schema-list/-/prosemirror-schema-list-1.0.3.tgz#539caafa4f9314000943bd783be4017165ec0bd6"
  integrity sha512-+zzSawVds8LsZpl/bLTCYk2lYactF93W219Czh81zBILikCRDOHjp1CQ1os4ZXBp6LlD+JnBqF1h59Q+hilOoQ==
  dependencies:
    prosemirror-model "^1.0.0"
    prosemirror-transform "^1.0.0"

prosemirror-state@^1.0.0, prosemirror-state@^1.2.1, prosemirror-state@^1.2.2:
  version "1.2.2"
  resolved "https://registry.yarnpkg.com/prosemirror-state/-/prosemirror-state-1.2.2.tgz#8df26d95fd6fd327c0f9984a760e84d863204154"
  integrity sha512-j8aC/kf9BJSCQau485I/9pj39XQoce+TqH5xzekT7WWFARTsRYFLJtiXBcCKakv1VSeev+sC3bJP0pLfz7Ft8g==
  dependencies:
    prosemirror-model "^1.0.0"
    prosemirror-transform "^1.0.0"

prosemirror-tables@^0.7.10, prosemirror-tables@^0.7.9:
  version "0.7.11"
  resolved "https://registry.yarnpkg.com/prosemirror-tables/-/prosemirror-tables-0.7.11.tgz#400317df5898473f8c33eef8f8016451d0d1ceed"
  integrity sha512-IOvz4sE4RgEeI8aKbis6ADqXEZlqnU1aZ/hdZLj6F74HeCGv5cC/hnOkhlip+4IaQvqn1u3oyBWKMzjGlUJuww==
  dependencies:
    prosemirror-keymap "^1.0.0"
    prosemirror-model "^1.0.0"
    prosemirror-state "^1.0.0"
    prosemirror-transform "^1.0.0"
    prosemirror-view "^1.0.0"

prosemirror-transform@^1.0.0, prosemirror-transform@^1.1.0:
  version "1.1.3"
  resolved "https://registry.yarnpkg.com/prosemirror-transform/-/prosemirror-transform-1.1.3.tgz#28cfdf1f9ee514edc40466be7b7db39eed545fdf"
  integrity sha512-1O6Di5lOL1mp4nuCnQNkHY7l2roIW5y8RH4ZG3hMYmkmDEWzTaFFnxxAAHsE5ipGLBSRcTlP7SsDhYBIdSuLpQ==
  dependencies:
    prosemirror-model "^1.0.0"

prosemirror-utils@^0.7.6:
  version "0.7.7"
  resolved "https://registry.yarnpkg.com/prosemirror-utils/-/prosemirror-utils-0.7.7.tgz#a9bda2468113d34f3721ba15eaa2fd04b81d7dc8"
  integrity sha512-0cSWive9oCOr4nnTlEQ9scr8g8kj126glAigb6cKLB4sq/eSyumVu8Ogqus6KEoLInBy6WONXJbgm/2xJ8MShw==

prosemirror-view@^1.0.0, prosemirror-view@^1.1.0, prosemirror-view@^1.8.9:
  version "1.8.9"
  resolved "https://registry.yarnpkg.com/prosemirror-view/-/prosemirror-view-1.8.9.tgz#9303def925eba0a8ce4589e64b4a011eaccfc1e0"
  integrity sha512-K3/z7qDR6rEMH/gKXqu5pmjmtyhtuTWeQyselK6HMp3jbn1UANU4CfdU/awQT+zbRjv4ZJXGb9lxnuNmdUQS3Q==
  dependencies:
    prosemirror-model "^1.1.0"
    prosemirror-state "^1.0.0"
    prosemirror-transform "^1.1.0"

rope-sequence@^1.2.0:
  version "1.2.2"
  resolved "https://registry.yarnpkg.com/rope-sequence/-/rope-sequence-1.2.2.tgz#49c4e5c2f54a48e990b050926771e2871bcb31ce"
  integrity sha1-ScTlwvVKSOmQsFCSZ3HihxvLMc4=

tiptap-commands@^1.7.1:
  version "1.7.1"
  resolved "https://registry.yarnpkg.com/tiptap-commands/-/tiptap-commands-1.7.1.tgz#88f615e623836c49f3c4ad1b1cdd95ebed7cf0e1"
  integrity sha512-HQVFgfBeeOe9mJFYUDkYxiX1D+aYjyO9rO0SeYdumqv9rNHTF3GFfx7qJSk4/d2+GgXDRyoiO35B25EkxGjJJw==
  dependencies:
    prosemirror-commands "^1.0.7"
    prosemirror-inputrules "^1.0.1"
    prosemirror-schema-list "^1.0.2"
    prosemirror-state "^1.2.2"
    tiptap-utils "^1.3.0"

tiptap-extensions@^1.16.2:
  version "1.16.2"
  resolved "https://registry.yarnpkg.com/tiptap-extensions/-/tiptap-extensions-1.16.2.tgz#deea16318b6f1d2b080d3d240ff9bfe4940f5261"
  integrity sha512-b6/uv56eMTdmUPTobZpS2aJFmZd9h7FTi+LcVYfbytcw8iow/p6Rzf/gGny5c1L9x0Tvk93fvUQE+wuKg38DKw==
  dependencies:
    lowlight "^1.11.0"
    prosemirror-history "^1.0.4"
    prosemirror-state "^1.2.2"
    prosemirror-tables "^0.7.10"
    prosemirror-utils "^0.7.6"
    prosemirror-view "^1.8.9"
    tiptap "^1.16.2"
    tiptap-commands "^1.7.1"

tiptap-utils@^1.3.0:
  version "1.3.0"
  resolved "https://registry.yarnpkg.com/tiptap-utils/-/tiptap-utils-1.3.0.tgz#bfc77cf57c07cd5c1f1d33f65ef94c4190506b77"
  integrity sha512-b9GRQB3Kilu9Yq6hwjjzQgZtQDXDOrB/vZPV5OzwcKRN5a9PfLGrTLJ5LbU414Vcy9HTXiqX2pq0o5FslJhHpg==
  dependencies:
    prosemirror-model "^1.7.0"
    prosemirror-state "^1.2.2"
    prosemirror-tables "^0.7.9"
    prosemirror-utils "^0.7.6"

tiptap@^1.16.2:
  version "1.16.2"
  resolved "https://registry.yarnpkg.com/tiptap/-/tiptap-1.16.2.tgz#0a94ea8f58cccafd56439bcbd29fa9c6071ed90a"
  integrity sha512-krMpbrQDvSwcp0FIUFjZgmlZUc65kvno+ASecp2G13DJUoAeYHTUW7AKng53xJP/rMm9ubc3q9XA6e6B5Bf+mA==
  dependencies:
    prosemirror-commands "^1.0.7"
    prosemirror-dropcursor "^1.1.1"
    prosemirror-gapcursor "^1.0.3"
    prosemirror-inputrules "^1.0.1"
    prosemirror-keymap "^1.0.1"
    prosemirror-model "^1.7.0"
    prosemirror-state "^1.2.1"
    prosemirror-view "^1.8.9"
    tiptap-commands "^1.7.1"
    tiptap-utils "^1.3.0"

w3c-keyname@^1.1.8:
  version "1.1.8"
  resolved "https://registry.yarnpkg.com/w3c-keyname/-/w3c-keyname-1.1.8.tgz#4e2219663760fd6535b7a1550f1552d71fc9372c"
  integrity sha512-2HAdug8GTiu3b4NYhssdtY8PXRue3ICnh1IlxvZYl+hiINRq0GfNWei3XOPDg8L0PsxbmYjWVLuLj6BMRR/9vA==
