# THIS IS AN AUTOGENERATED FILE. DO NOT EDIT THIS FILE DIRECTLY.
# yarn lockfile v1


vue-select@^3.4.0:
  version "3.4.0"
  resolved "https://registry.yarnpkg.com/vue-select/-/vue-select-3.4.0.tgz#e56b0612845d13d10162cd8df81bfb46af2083ac"
  integrity sha512-UHd0fiUjPgRmHIGhI6yUKtnJsHOdvzD00QUGUtD+FaxWWZRWF2AAb7KPZRj0j/egVfZQvey6M6woHn78GbTogA==
